
Microsoft Visual Studio Solution File, Format Version 12.00
# Visual Studio Version 17
VisualStudioVersion = 17.0.32014.148
MinimumVisualStudioVersion = 10.0.40219.1
Project("{8BC9CEB8-8B4A-11D0-8D11-00A0C91BC942}") = "marker", "marker.vcxproj", "{943D26B6-24F6-43B6-B2F0-1F16ED308B8D}"
EndProject
Global
	GlobalSection(SolutionConfigurationPlatforms) = preSolution
		Debug|x64 = Debug|x64
		Debug|x86 = Debug|x86
		Release|x64 = Release|x64
		Release|x86 = Release|x86
	EndGlobalSection
	GlobalSection(ProjectConfigurationPlatforms) = postSolution
		{943D26B6-24F6-43B6-B2F0-1F16ED308B8D}.Debug|x64.ActiveCfg = Debug|x64
		{943D26B6-24F6-43B6-B2F0-1F16ED308B8D}.Debug|x64.Build.0 = Debug|x64
		{943D26B6-24F6-43B6-B2F0-1F16ED308B8D}.Debug|x86.ActiveCfg = Debug|Win32
		{943D26B6-24F6-43B6-B2F0-1F16ED308B8D}.Debug|x86.Build.0 = Debug|Win32
		{943D26B6-24F6-43B6-B2F0-1F16ED308B8D}.Release|x64.ActiveCfg = Release|x64
		{943D26B6-24F6-43B6-B2F0-1F16ED308B8D}.Release|x64.Build.0 = Release|x64
		{943D26B6-24F6-43B6-B2F0-1F16ED308B8D}.Release|x86.ActiveCfg = Release|Win32
		{943D26B6-24F6-43B6-B2F0-1F16ED308B8D}.Release|x86.Build.0 = Release|Win32
	EndGlobalSection
	GlobalSection(SolutionProperties) = preSolution
		HideSolutionNode = FALSE
	EndGlobalSection
	GlobalSection(ExtensibilityGlobals) = postSolution
		SolutionGuid = {98A2F3D8-0301-4938-BE9E-56169491B35A}
	EndGlobalSection
EndGlobal
